[root]
name = "rim"
version = "0.0.1"
dependencies = [
 "bitflags 0.1.0 (registry+https://github.com/rust-lang/crates.io-index)",
 "termkey 0.17.5 (git+git://github.com/mathall/termkey-rs.git)",
 "time 0.1.14 (registry+https://github.com/rust-lang/crates.io-index)",
 "uuid 0.1.8 (registry+https://github.com/rust-lang/crates.io-index)",
]

[[package]]
name = "bitflags"
version = "0.1.0"
source = "registry+https://github.com/rust-lang/crates.io-index"

[[package]]
name = "gcc"
version = "0.1.6"
source = "registry+https://github.com/rust-lang/crates.io-index"

[[package]]
name = "libc"
version = "0.1.0"
source = "registry+https://github.com/rust-lang/crates.io-index"

[[package]]
name = "rustc-serialize"
version = "0.2.9"
source = "registry+https://github.com/rust-lang/crates.io-index"

[[package]]
name = "termkey"
version = "0.17.5"
source = "git+git://github.com/mathall/termkey-rs.git#1f1091760717d25688c2035dc6fec898fd62ed71"
dependencies = [
 "bitflags 0.1.0 (registry+https://github.com/rust-lang/crates.io-index)",
]

[[package]]
name = "time"
version = "0.1.14"
source = "registry+https://github.com/rust-lang/crates.io-index"
dependencies = [
 "gcc 0.1.6 (registry+https://github.com/rust-lang/crates.io-index)",
 "libc 0.1.0 (registry+https://github.com/rust-lang/crates.io-index)",
]

[[package]]
name = "uuid"
version = "0.1.8"
source = "registry+https://github.com/rust-lang/crates.io-index"
dependencies = [
 "rustc-serialize 0.2.9 (registry+https://github.com/rust-lang/crates.io-index)",
]

